<?xml version="1.0" encoding="utf-8"?>
<Project ToolsVersion="4.0" xmlns:atg="http://atg.xbox.com" xmlns="http://schemas.microsoft.com/developer/msbuild/2003">
  <ItemGroup>
    <Filter Include="Resource Files">
      <UniqueIdentifier>{8e114980-c1a3-4ada-ad7c-83caadf5daeb}</UniqueIdentifier>
      <Extensions>rc;ico;cur;bmp;dlg;rc2;rct;bin;rgs;gif;jpg;jpeg;jpe</Extensions>
    </Filter>
    <Filter Include="DXUT">
      <UniqueIdentifier>{a43c5c25-0e86-4a20-b64a-883785ff74fd}</UniqueIdentifier>
    </Filter>
    <Filter Include="Shaders">
      <UniqueIdentifier>{2c3d4c8c-5d1a-459a-a05a-a4e4b608a44e}</UniqueIdentifier>
      <Extensions>fx;fxh;hlsl</Extensions>
    </Filter>
    <Filter Include="include">
      <UniqueIdentifier>{08131eeb-7a3a-48e1-8256-3c290e8b4f1e}</UniqueIdentifier>
    </Filter>
    <Filter Include="source">
      <UniqueIdentifier>{3bdc2609-e3fe-4d98-b43d-b17fdecae722}</UniqueIdentifier>
    </Filter>
    <Filter Include="include\Patterns">
      <UniqueIdentifier>{fa9c25a2-63af-4f25-807e-0277ecfedb71}</UniqueIdentifier>
    </Filter>
    <Filter Include="include\Utilities">
      <UniqueIdentifier>{e3359e43-0c1d-4d30-92b7-0545c3f1f55b}</UniqueIdentifier>
    </Filter>
    <Filter Include="include\ECS">
      <UniqueIdentifier>{10b00f38-96d0-412e-a4f6-cfc30c3721e9}</UniqueIdentifier>
    </Filter>
    <Filter Include="include\Utilities\Memory">
      <UniqueIdentifier>{bcb286e1-b2c2-4cba-8165-d8358af6ca8d}</UniqueIdentifier>
    </Filter>
    <Filter Include="include\Utilities\Vector">
      <UniqueIdentifier>{b884c4fa-5a0c-4b7d-8795-6dbd95662ad7}</UniqueIdentifier>
    </Filter>
    <Filter Include="source\ECS">
      <UniqueIdentifier>{09e8d311-4e40-4e34-bce0-177cd65e262d}</UniqueIdentifier>
    </Filter>
    <Filter Include="Imgui">
      <UniqueIdentifier>{585dd73e-b80c-4fc5-b383-e8c872725333}</UniqueIdentifier>
    </Filter>
    <Filter Include="Imgui\Includes">
      <UniqueIdentifier>{0896bf27-51d3-46ad-a0db-a4453072f61f}</UniqueIdentifier>
    </Filter>
    <Filter Include="Imgui\Resources">
      <UniqueIdentifier>{31747ad2-b9a5-40f6-97ff-ebd64df4b99f}</UniqueIdentifier>
    </Filter>
    <Filter Include="include\GUI">
      <UniqueIdentifier>{37278041-1290-4556-811a-96bad5583c8e}</UniqueIdentifier>
    </Filter>
    <Filter Include="source\GUI">
      <UniqueIdentifier>{29c59837-7e54-48da-8cad-1b9bcfbf98d0}</UniqueIdentifier>
    </Filter>
    <Filter Include="source\SceneGraph">
      <UniqueIdentifier>{59ac57e2-69c7-42aa-bf74-59572c64ca27}</UniqueIdentifier>
    </Filter>
    <Filter Include="include\SceneGraph">
      <UniqueIdentifier>{5935ba99-39d1-49ad-9304-c16c420f2de0}</UniqueIdentifier>
    </Filter>
    <Filter Include="include\Rendering">
      <UniqueIdentifier>{494d0381-9c49-4f3f-a9ee-32fd34063506}</UniqueIdentifier>
    </Filter>
    <Filter Include="source\Rendering">
      <UniqueIdentifier>{76b770e2-5a4b-4921-a458-8062bd40cef0}</UniqueIdentifier>
    </Filter>
    <Filter Include="source\Editor">
      <UniqueIdentifier>{95e18d67-a8ff-4cd2-9c5e-6399d74bb52d}</UniqueIdentifier>
    </Filter>
    <Filter Include="include\Editor">
      <UniqueIdentifier>{21003052-7b63-469b-8111-1eff1fb573aa}</UniqueIdentifier>
    </Filter>
    <Filter Include="Docs">
      <UniqueIdentifier>{1f85dca7-d5ee-4410-a291-9342faa37bf0}</UniqueIdentifier>
    </Filter>
  </ItemGroup>
  <ItemGroup>
    <ClCompile Include="Onkos.cpp">
      <Filter>source</Filter>
    </ClCompile>
    <ClCompile Include="source\Window.cpp">
      <Filter>source</Filter>
    </ClCompile>
    <ClCompile Include="source\Device.cpp">
      <Filter>source</Filter>
    </ClCompile>
    <ClCompile Include="source\DeviceContext.cpp">
      <Filter>source</Filter>
    </ClCompile>
    <ClCompile Include="source\Texture.cpp">
      <Filter>source</Filter>
    </ClCompile>
    <ClCompile Include="source\SwapChain.cpp">
      <Filter>source</Filter>
    </ClCompile>
    <ClCompile Include="source\RenderTargetView.cpp">
      <Filter>source</Filter>
    </ClCompile>
    <ClCompile Include="source\DepthStencilView.cpp">
      <Filter>source</Filter>
    </ClCompile>
    <ClCompile Include="source\Viewport.cpp">
      <Filter>source</Filter>
    </ClCompile>
    <ClCompile Include="source\InputLayout.cpp">
      <Filter>source</Filter>
    </ClCompile>
    <ClCompile Include="source\ShaderProgram.cpp">
      <Filter>source</Filter>
    </ClCompile>
    <ClCompile Include="source\Buffer.cpp">
      <Filter>source</Filter>
    </ClCompile>
    <ClCompile Include="source\SamplerState.cpp">
      <Filter>source</Filter>
    </ClCompile>
    <ClCompile Include="source\BaseApp.cpp">
      <Filter>source</Filter>
    </ClCompile>
    <ClCompile Include="source\ModelLoader.cpp">
      <Filter>source</Filter>
    </ClCompile>
    <ClCompile Include="source\Model3D.cpp">
      <Filter>source</Filter>
    </ClCompile>
    <ClCompile Include="source\ECS\Actor.cpp">
      <Filter>source\ECS</Filter>
    </ClCompile>
    <ClCompile Include="Imgui\imgui-docking\imgui.cpp">
      <Filter>Imgui\Resources</Filter>
    </ClCompile>
    <ClCompile Include="Imgui\imgui-docking\imgui_demo.cpp">
      <Filter>Imgui\Resources</Filter>
    </ClCompile>
    <ClCompile Include="Imgui\imgui-docking\imgui_draw.cpp">
      <Filter>Imgui\Resources</Filter>
    </ClCompile>
    <ClCompile Include="Imgui\imgui-docking\imgui_tables.cpp">
      <Filter>Imgui\Resources</Filter>
    </ClCompile>
    <ClCompile Include="Imgui\imgui-docking\imgui_widgets.cpp">
      <Filter>Imgui\Resources</Filter>
    </ClCompile>
    <ClCompile Include="Imgui\imgui-docking\backends\imgui_impl_dx11.cpp">
      <Filter>Imgui\Resources</Filter>
    </ClCompile>
    <ClCompile Include="Imgui\imgui-docking\backends\imgui_impl_win32.cpp">
      <Filter>Imgui\Resources</Filter>
    </ClCompile>
    <ClCompile Include="Imgui\ImGuizmo-master\ImGuizmo.cpp">
      <Filter>Imgui\Resources</Filter>
    </ClCompile>
    <ClCompile Include="source\GUI.cpp">
      <Filter>source\GUI</Filter>
    </ClCompile>
    <ClCompile Include="source\SceneGraph\SceneGraph.cpp">
      <Filter>source\SceneGraph</Filter>
    </ClCompile>
    <ClCompile Include="source\Camera.cpp">
      <Filter>source</Filter>
    </ClCompile>
    <ClCompile Include="source\Skybox.cpp">
      <Filter>source</Filter>
    </ClCompile>
    <ClCompile Include="source\DepthStencilState.cpp">
      <Filter>source</Filter>
    </ClCompile>
    <ClCompile Include="source\RasterizerState.cpp">
      <Filter>source</Filter>
    </ClCompile>
    <ClCompile Include="source\Rendering\ForwardRenderer.cpp">
      <Filter>source\Rendering</Filter>
    </ClCompile>
    <ClCompile Include="source\EditorViewportPass.cpp">
      <Filter>source</Filter>
    </ClCompile>
    <ClCompile Include="source\Rendering\MaterialInstance.cpp">
      <Filter>source\Rendering</Filter>
    </ClCompile>
    <ClCompile Include="source\Rendering\RenderScene.cpp">
      <Filter>source\Rendering</Filter>
    </ClCompile>
    <ClCompile Include="source\Rendering\DeferredRenderer.cpp">
      <Filter>source\Rendering</Filter>
    </ClCompile>
    <ClCompile Include="source\Rendering\RenderPipeline.cpp">
      <Filter>source\Rendering</Filter>
    </ClCompile>
    <ClCompile Include="source\Editor\DeleteCommand.cpp">
      <Filter>source\Editor</Filter>
    </ClCompile>
    <ClCompile Include="source\Editor\TransformCommand.cpp">
      <Filter>source\Editor</Filter>
    </ClCompile>
    <ClCompile Include="source\Editor\CreateCommand.cpp">
      <Filter>source\Editor</Filter>
    </ClCompile>
    <ClCompile Include="source\Editor\CommandInvoker.cpp">
      <Filter>source\Editor</Filter>
    </ClCompile>
    <ClCompile Include="source\EngineUtilities\Utilities\DCCCameraController.cpp">
      <Filter>source</Filter>
    </ClCompile>
    <ClCompile Include="source\EngineUtilities\Utilities\GridSystem.cpp">
      <Filter>source</Filter>
    </ClCompile>
    <ClCompile Include="source\Rendering\PostProcessSystem.cpp">
      <Filter>source\Rendering</Filter>
    </ClCompile>
  </ItemGroup>
  <ItemGroup>
    <None Include="Onkos.fx">
      <Filter>Shaders</Filter>
    </None>
    <None Include="bin\Skybox.hlsl">
      <Filter>Shaders</Filter>
    </None>
    <None Include="bin\PBRShader.hlsl">
      <Filter>Shaders</Filter>
    </None>
    <None Include="bin\ShadowMap.hlsl">
      <Filter>Shaders</Filter>
    </None>
    <None Include="bin\DeferredGBuffer.hlsl">
      <Filter>Shaders</Filter>
    </None>
    <None Include="bin\DeferredLighting.hlsl">
      <Filter>Shaders</Filter>
    </None>
    <None Include="COMPLETION_STATUS.md">
      <Filter>Docs</Filter>
    </None>
    <None Include="CUSTOM_COMMANDS_GUIDE.md">
      <Filter>Docs</Filter>
    </None>
    <None Include="DCC_CAMERA_CONTROLLER_GUIDE.md">
      <Filter>Docs</Filter>
    </None>
    <None Include="DOCUMENTATION_INDEX.md">
      <Filter>Docs</Filter>
    </None>
    <None Include="FINAL_SUMMARY.md">
      <Filter>Docs</Filter>
    </None>
    <None Include="FUTURE_IMPROVEMENTS.md">
      <Filter>Docs</Filter>
    </None>
    <None Include="IMPLEMENTATION_SUMMARY.md">
      <Filter>Docs</Filter>
    </None>
    <None Include="IMPLEMENTATION_SUMMARY_UNDO_REDO.md">
      <Filter>Docs</Filter>
    </None>
    <None Include="KEYBOARD_SHORTCUTS.md">
      <Filter>Docs</Filter>
    </None>
    <None Include="MANIFEST.md">
      <Filter>Docs</Filter>
    </None>
    <None Include="QUICK_REFERENCE.md">
      <Filter>Docs</Filter>
    </None>
    <None Include="README_DOCUMENTATION.md">
      <Filter>Docs</Filter>
    </None>
    <None Include="README_UNDO_REDO.md">
      <Filter>Docs</Filter>
    </None>
    <None Include="UNDO_REDO_GUIDE.md">
      <Filter>Docs</Filter>
    </None>
    <None Include="UNDO_REDO_QUICK_START.md">
      <Filter>Docs</Filter>
    </None>
    <None Include="UNDO_REDO_README.md">
      <Filter>Docs</Filter>
    </None>
    <None Include="UNDO_REDO_SEQUENCE_DIAGRAMS.md">
      <Filter>Docs</Filter>
    </None>
    <None Include="ARCHITECTURE_OVERVIEW.md">
      <Filter>Docs</Filter>
    </None>
    <None Include="DETAILED_CHANGELOG.md">
      <Filter>Docs</Filter>
    </None>
    <None Include="EXECUTIVE_SUMMARY.md">
      <Filter>Docs</Filter>
    </None>
    <None Include="TECHNICAL_DOCUMENTATION_DCC_GRID.md">
      <Filter>Docs</Filter>
    </None>
    <None Include="USER_GUIDE_DCC_GRID.md">
      <Filter>Docs</Filter>
    </None>
    <None Include="Onkos\Onkos\_add.ps1" />
    <None Include="Onkos\Onkos\_cleanup.ps1" />
    <None Include="Onkos\Onkos\_fix1.ps1" />
    <None Include="Onkos\Onkos\_fix2.ps1" />
    <None Include="Onkos\Onkos\_fix3.ps1" />
    <None Include="Onkos\Onkos\_fix4.ps1" />
    <None Include="Onkos\Onkos\_fix5.ps1" />
    <None Include="Onkos\Onkos\_fixA.ps1" />
    <None Include="Onkos\Onkos\_fixFinal.ps1" />
    <None Include="Onkos\Onkos\_z.ps1" />
    <None Include="bin\GrayScalePostProcess.hlsl">
      <Filter>Shaders</Filter>
    </None>
    <None Include="bin\PostProcess.hlsl">
      <Filter>Shaders</Filter>
    </None>
  </ItemGroup>
  <ItemGroup>
    <CLInclude Include="resource.h">
      <Filter>Resource Files</Filter>
    </CLInclude>
    <ResourceCompile Include="Onkos.rc">
      <Filter>Resource Files</Filter>
    </ResourceCompile>
    <ClInclude Include="include\Window.h">
      <Filter>include</Filter>
    </ClInclude>
    <ClInclude Include="include\Device.h">
      <Filter>include</Filter>
    </ClInclude>
    <ClInclude Include="include\DeviceContext.h">
      <Filter>include</Filter>
    </ClInclude>
    <ClInclude Include="include\SwapChain.h">
      <Filter>include</Filter>
    </ClInclude>
    <ClInclude Include="include\Texture.h">
      <Filter>include</Filter>
    </ClInclude>
    <ClInclude Include="include\RenderTargetView.h">
      <Filter>include</Filter>
    </ClInclude>
    <ClInclude Include="include\DepthStencilView.h">
      <Filter>include</Filter>
    </ClInclude>
    <ClInclude Include="include\Viewport.h">
      <Filter>include</Filter>
    </ClInclude>
    <ClInclude Include="include\InputLayout.h">
      <Filter>include</Filter>
    </ClInclude>
    <ClInclude Include="include\ShaderProgram.h">
      <Filter>include</Filter>
    </ClInclude>
    <ClInclude Include="include\Buffer.h">
      <Filter>include</Filter>
    </ClInclude>
    <ClInclude Include="include\SamplerState.h">
      <Filter>include</Filter>
    </ClInclude>
    <ClInclude Include="include\BaseApp.h">
      <Filter>include</Filter>
    </ClInclude>
    <ClInclude Include="include\IResource.h">
      <Filter>include\Patterns</Filter>
    </ClInclude>
    <ClInclude Include="include\ResourceManager.h">
      <Filter>include\Utilities</Filter>
    </ClInclude>
    <ClInclude Include="include\ECS\Component.h">
      <Filter>include\ECS</Filter>
    </ClInclude>
    <ClInclude Include="include\ECS\Entity.h">
      <Filter>include\ECS</Filter>
    </ClInclude>
    <ClInclude Include="include\stb_image.h">
      <Filter>include\Utilities</Filter>
    </ClInclude>
    <ClInclude Include="include\MeshComponent.h">
      <Filter>include\Utilities</Filter>
    </ClInclude>
    <ClInclude Include="include\ModelLoader.h">
      <Filter>include\Utilities</Filter>
    </ClInclude>
    <ClInclude Include="include\Prerequisites.h">
      <Filter>include\Utilities</Filter>
    </ClInclude>
    <ClInclude Include="include\Model3D.h">
      <Filter>include\Utilities</Filter>
    </ClInclude>
    <ClInclude Include="include\EngineUtilities\Memory\TSharedPointer.h">
      <Filter>include\Utilities\Memory</Filter>
    </ClInclude>
    <ClInclude Include="include\EngineUtilities\Memory\TStaticPtr.h">
      <Filter>include\Utilities\Memory</Filter>
    </ClInclude>
    <ClInclude Include="include\EngineUtilities\Memory\TUniquePtr.h">
      <Filter>include\Utilities\Memory</Filter>
    </ClInclude>
    <ClInclude Include="include\EngineUtilities\Memory\TWeakPointer.h">
      <Filter>include\Utilities\Memory</Filter>
    </ClInclude>
    <ClInclude Include="include\EngineUtilities\Vectors\Vector2.h">
      <Filter>include\Utilities\Vector</Filter>
    </ClInclude>
    <ClInclude Include="include\EngineUtilities\Vectors\Vector3.h">
      <Filter>include\Utilities\Vector</Filter>
    </ClInclude>
    <ClInclude Include="include\EngineUtilities\Vectors\Vector4.h">
      <Filter>include\Utilities\Vector</Filter>
    </ClInclude>
    <ClInclude Include="include\EngineUtilities\Utilities\EngineMath.h">
      <Filter>include\Utilities</Filter>
    </ClInclude>
    <ClInclude Include="include\ECS\Actor.h">
      <Filter>include\ECS</Filter>
    </ClInclude>
    <ClInclude Include="include\ECS\Transform.h">
      <Filter>include\ECS</Filter>
    </ClInclude>
    <ClInclude Include="Imgui\imgui-docking\backends\imgui_impl_dx11.h">
      <Filter>Imgui\Resources</Filter>
    </ClInclude>
    <ClInclude Include="Imgui\imgui-docking\backends\imgui_impl_win32.h">
      <Filter>Imgui\Resources</Filter>
    </ClInclude>
    <ClInclude Include="Imgui\imgui-docking\imconfig.h">
      <Filter>Imgui\Includes</Filter>
    </ClInclude>
    <ClInclude Include="Imgui\imgui-docking\imgui.h">
      <Filter>Imgui\Includes</Filter>
    </ClInclude>
    <ClInclude Include="Imgui\imgui-docking\imgui_internal.h">
      <Filter>Imgui\Includes</Filter>
    </ClInclude>
    <ClInclude Include="Imgui\imgui-docking\imstb_rectpack.h">
      <Filter>Imgui\Includes</Filter>
    </ClInclude>
    <ClInclude Include="Imgui\imgui-docking\imstb_textedit.h">
      <Filter>Imgui\Includes</Filter>
    </ClInclude>
    <ClInclude Include="Imgui\imgui-docking\imstb_truetype.h">
      <Filter>Imgui\Includes</Filter>
    </ClInclude>
    <ClInclude Include="Imgui\ImGuizmo-master\ImGuizmo.h">
      <Filter>Imgui\Includes</Filter>
    </ClInclude>
    <ClInclude Include="include\GUI.h">
      <Filter>include\GUI</Filter>
    </ClInclude>
    <ClInclude Include="include\SceneGraph\HierarchyComponent.h">
      <Filter>include\SceneGraph</Filter>
    </ClInclude>
    <ClInclude Include="include\EngineUtilities\Utilities\Camera.h">
      <Filter>include\Utilities</Filter>
    </ClInclude>
    <ClInclude Include="include\SceneGraph\SceneGraph.h">
      <Filter>include\SceneGraph</Filter>
    </ClInclude>
    <ClInclude Include="include\EngineUtilities\Utilities\Skybox.h">
      <Filter>include\Utilities</Filter>
    </ClInclude>
    <ClInclude Include="include\DepthStencilState.h">
      <Filter>include</Filter>
    </ClInclude>
    <ClInclude Include="include\RasterizerState.h">
      <Filter>include</Filter>
    </ClInclude>
    <ClInclude Include="include\EngineUtilities\Utilities\LayoutBuilder.h">
      <Filter>include\Utilities</Filter>
    </ClInclude>
    <ClInclude Include="include\Rendering\ForwardRenderer.h">
      <Filter>include\Rendering</Filter>
    </ClInclude>
    <ClInclude Include="include\Rendering\RenderScene.h">
      <Filter>include\Rendering</Filter>
    </ClInclude>
    <ClInclude Include="include\Rendering\RenderTypes.h">
      <Filter>include\Rendering</Filter>
    </ClInclude>
    <ClInclude Include="include\Rendering\Mesh.h">
      <Filter>include\Rendering</Filter>
    </ClInclude>
    <ClInclude Include="include\Rendering\Material.h">
      <Filter>include\Rendering</Filter>
    </ClInclude>
    <ClInclude Include="include\Rendering\MaterialInstance.h">
      <Filter>include\Rendering</Filter>
    </ClInclude>
    <ClInclude Include="include\EngineUtilities\Utilities\EditorViewportPass.h">
      <Filter>include\Utilities</Filter>
    </ClInclude>
    <ClInclude Include="include\ECS\MeshRendererComponent.h">
      <Filter>include\ECS</Filter>
    </ClInclude>
    <ClInclude Include="include\ECS\LightComponent.h">
      <Filter>include\ECS</Filter>
    </ClInclude>
    <ClInclude Include="include\Rendering\ISceneRenderer.h">
      <Filter>include\Rendering</Filter>
    </ClInclude>
    <ClInclude Include="include\Rendering\DeferredRenderer.h">
      <Filter>include\Rendering</Filter>
    </ClInclude>
    <ClInclude Include="include\Rendering\RenderPipeline.h">
      <Filter>include\Rendering</Filter>
    </ClInclude>
    <ClInclude Include="include\Editor\Command.h">
      <Filter>include\Editor</Filter>
    </ClInclude>
    <ClInclude Include="include\Editor\CommandInvoker.h">
      <Filter>include\Editor</Filter>
    </ClInclude>
    <ClInclude Include="include\Editor\CreateCommand.h">
      <Filter>include\Editor</Filter>
    </ClInclude>
    <ClInclude Include="include\Editor\DeleteCommand.h">
      <Filter>include\Editor</Filter>
    </ClInclude>
    <ClInclude Include="include\Editor\TransformCommand.h">
      <Filter>include\Editor</Filter>
    </ClInclude>
    <ClInclude Include="include\EngineUtilities\Utilities\DCCCameraController.h">
      <Filter>include\Utilities</Filter>
    </ClInclude>
    <ClInclude Include="include\EngineUtilities\Utilities\GridSystem.h">
      <Filter>include\Utilities</Filter>
    </ClInclude>
    <ClInclude Include="include\Rendering\PostProcessSystem.h">
      <Filter>include\Rendering</Filter>
    </ClInclude>
  </ItemGroup>
  <ItemGroup>
    <Text Include="IMPLEMENTATION_COMPLETE.txt">
      <Filter>Docs</Filter>
    </Text>
  </ItemGroup>
</Project>